// !$*UTF8*$!
{
	archiveVersion = 1;
	classes = {
	};
	objectVersion = 46;
	objects = {

/* Begin PBXBuildFile section */
		9C33A59F1D24733A00317CC4 /* FeedCell.swift in Sources */ = {isa = PBXBuildFile; fileRef = 9C33A59E1D24733A00317CC4 /* FeedCell.swift */; };
		9C33A5A11D24860900317CC4 /* DetailViewController.swift in Sources */ = {isa = PBXBuildFile; fileRef = 9C33A5A01D24860900317CC4 /* DetailViewController.swift */; };
		9C33A5A31D24861B00317CC4 /* ComposeViewController.swift in Sources */ = {isa = PBXBuildFile; fileRef = 9C33A5A21D24861B00317CC4 /* ComposeViewController.swift */; };
		9C33A5A61D26E2D200317CC4 /* ProfileViewController.swift in Sources */ = {isa = PBXBuildFile; fileRef = 9C33A5A51D26E2D200317CC4 /* ProfileViewController.swift */; };
		9C46D03B1D21C3F000934641 /* AppDelegate.swift in Sources */ = {isa = PBXBuildFile; fileRef = 9C46D03A1D21C3F000934641 /* AppDelegate.swift */; };
		9C46D0401D21C3F000934641 /* Main.storyboard in Resources */ = {isa = PBXBuildFile; fileRef = 9C46D03E1D21C3F000934641 /* Main.storyboard */; };
		9C46D0421D21C3F000934641 /* Assets.xcassets in Resources */ = {isa = PBXBuildFile; fileRef = 9C46D0411D21C3F000934641 /* Assets.xcassets */; };
		9C46D0451D21C3F000934641 /* LaunchScreen.storyboard in Resources */ = {isa = PBXBuildFile; fileRef = 9C46D0431D21C3F000934641 /* LaunchScreen.storyboard */; };
		9C46D04D1D21CC1000934641 /* LoginViewController.swift in Sources */ = {isa = PBXBuildFile; fileRef = 9C46D04C1D21CC1000934641 /* LoginViewController.swift */; };
		9C46D0531D21EE1200934641 /* User.swift in Sources */ = {isa = PBXBuildFile; fileRef = 9C46D0521D21EE1200934641 /* User.swift */; };
		9C46D0551D21EE2100934641 /* Tweet.swift in Sources */ = {isa = PBXBuildFile; fileRef = 9C46D0541D21EE2100934641 /* Tweet.swift */; };
		9C46D0571D231DE400934641 /* TwitterClient.swift in Sources */ = {isa = PBXBuildFile; fileRef = 9C46D0561D231DE400934641 /* TwitterClient.swift */; };
		9C46D0591D232D9900934641 /* TweetsViewController.swift in Sources */ = {isa = PBXBuildFile; fileRef = 9C46D0581D232D9900934641 /* TweetsViewController.swift */; };
		B123CA82E5F129BABAB229D4 /* Pods_TwitterClient.framework in Frameworks */ = {isa = PBXBuildFile; fileRef = 6D802519592E16201A3C9872 /* Pods_TwitterClient.framework */; };
/* End PBXBuildFile section */

/* Begin PBXFileReference section */
		6D802519592E16201A3C9872 /* Pods_TwitterClient.framework */ = {isa = PBXFileReference; explicitFileType = wrapper.framework; includeInIndex = 0; path = Pods_TwitterClient.framework; sourceTree = BUILT_PRODUCTS_DIR; };
		9C33A59E1D24733A00317CC4 /* FeedCell.swift */ = {isa = PBXFileReference; fileEncoding = 4; lastKnownFileType = sourcecode.swift; path = FeedCell.swift; sourceTree = "<group>"; };
		9C33A5A01D24860900317CC4 /* DetailViewController.swift */ = {isa = PBXFileReference; fileEncoding = 4; lastKnownFileType = sourcecode.swift; path = DetailViewController.swift; sourceTree = "<group>"; };
		9C33A5A21D24861B00317CC4 /* ComposeViewController.swift */ = {isa = PBXFileReference; fileEncoding = 4; lastKnownFileType = sourcecode.swift; path = ComposeViewController.swift; sourceTree = "<group>"; };
		9C33A5A51D26E2D200317CC4 /* ProfileViewController.swift */ = {isa = PBXFileReference; fileEncoding = 4; lastKnownFileType = sourcecode.swift; path = ProfileViewController.swift; sourceTree = "<group>"; };
		9C46D0371D21C3F000934641 /* TwitterClient.app */ = {isa = PBXFileReference; explicitFileType = wrapper.application; includeInIndex = 0; path = TwitterClient.app; sourceTree = BUILT_PRODUCTS_DIR; };
		9C46D03A1D21C3F000934641 /* AppDelegate.swift */ = {isa = PBXFileReference; lastKnownFileType = sourcecode.swift; path = AppDelegate.swift; sourceTree = "<group>"; };
		9C46D03F1D21C3F000934641 /* Base */ = {isa = PBXFileReference; lastKnownFileType = file.storyboard; name = Base; path = Base.lproj/Main.storyboard; sourceTree = "<group>"; };
		9C46D0411D21C3F000934641 /* Assets.xcassets */ = {isa = PBXFileReference; lastKnownFileType = folder.assetcatalog; path = Assets.xcassets; sourceTree = "<group>"; };
		9C46D0441D21C3F000934641 /* Base */ = {isa = PBXFileReference; lastKnownFileType = file.storyboard; name = Base; path = Base.lproj/LaunchScreen.storyboard; sourceTree = "<group>"; };
		9C46D0461D21C3F000934641 /* Info.plist */ = {isa = PBXFileReference; lastKnownFileType = text.plist.xml; path = Info.plist; sourceTree = "<group>"; };
		9C46D04C1D21CC1000934641 /* LoginViewController.swift */ = {isa = PBXFileReference; fileEncoding = 4; lastKnownFileType = sourcecode.swift; path = LoginViewController.swift; sourceTree = "<group>"; };
		9C46D0521D21EE1200934641 /* User.swift */ = {isa = PBXFileReference; fileEncoding = 4; lastKnownFileType = sourcecode.swift; path = User.swift; sourceTree = "<group>"; };
		9C46D0541D21EE2100934641 /* Tweet.swift */ = {isa = PBXFileReference; fileEncoding = 4; lastKnownFileType = sourcecode.swift; path = Tweet.swift; sourceTree = "<group>"; };
		9C46D0561D231DE400934641 /* TwitterClient.swift */ = {isa = PBXFileReference; fileEncoding = 4; lastKnownFileType = sourcecode.swift; path = TwitterClient.swift; sourceTree = "<group>"; };
		9C46D0581D232D9900934641 /* TweetsViewController.swift */ = {isa = PBXFileReference; fileEncoding = 4; lastKnownFileType = sourcecode.swift; path = TweetsViewController.swift; sourceTree = "<group>"; };
		BE784B6A1FD8B68B1ABBAF80 /* Pods-TwitterClient.release.xcconfig */ = {isa = PBXFileReference; includeInIndex = 1; lastKnownFileType = text.xcconfig; name = "Pods-TwitterClient.release.xcconfig"; path = "Pods/Target Support Files/Pods-TwitterClient/Pods-TwitterClient.release.xcconfig"; sourceTree = "<group>"; };
		E214E1544E23F5A84CC4AE55 /* Pods-TwitterClient.debug.xcconfig */ = {isa = PBXFileReference; includeInIndex = 1; lastKnownFileType = text.xcconfig; name = "Pods-TwitterClient.debug.xcconfig"; path = "Pods/Target Support Files/Pods-TwitterClient/Pods-TwitterClient.debug.xcconfig"; sourceTree = "<group>"; };
/* End PBXFileReference section */

/* Begin PBXFrameworksBuildPhase section */
		9C46D0341D21C3F000934641 /* Frameworks */ = {
			isa = PBXFrameworksBuildPhase;
			buildActionMask = 2147483647;
			files = (
				B123CA82E5F129BABAB229D4 /* Pods_TwitterClient.framework in Frameworks */,
			);
			runOnlyForDeploymentPostprocessing = 0;
		};
/* End PBXFrameworksBuildPhase section */

/* Begin PBXGroup section */
		2BB4009C028CD441617BAC91 /* Pods */ = {
			isa = PBXGroup;
			children = (
				E214E1544E23F5A84CC4AE55 /* Pods-TwitterClient.debug.xcconfig */,
				BE784B6A1FD8B68B1ABBAF80 /* Pods-TwitterClient.release.xcconfig */,
			);
			name = Pods;
			sourceTree = "<group>";
		};
		63CD3D6C9F7AA4BA34E90286 /* Frameworks */ = {
			isa = PBXGroup;
			children = (
				6D802519592E16201A3C9872 /* Pods_TwitterClient.framework */,
			);
			name = Frameworks;
			sourceTree = "<group>";
		};
		9C46D02E1D21C3F000934641 = {
			isa = PBXGroup;
			children = (
				9C46D0391D21C3F000934641 /* TwitterClient */,
				9C46D0381D21C3F000934641 /* Products */,
				2BB4009C028CD441617BAC91 /* Pods */,
				63CD3D6C9F7AA4BA34E90286 /* Frameworks */,
			);
			sourceTree = "<group>";
		};
		9C46D0381D21C3F000934641 /* Products */ = {
			isa = PBXGroup;
			children = (
				9C46D0371D21C3F000934641 /* TwitterClient.app */,
			);
			name = Products;
			sourceTree = "<group>";
		};
		9C46D0391D21C3F000934641 /* TwitterClient */ = {
			isa = PBXGroup;
			children = (
				9C46D0511D21EDC400934641 /* API's */,
				9C46D0501D21ED9500934641 /* View Controllers */,
				9C46D04E1D21ED7000934641 /* Models */,
				9C46D03A1D21C3F000934641 /* AppDelegate.swift */,
				9C46D03E1D21C3F000934641 /* Main.storyboard */,
				9C46D0411D21C3F000934641 /* Assets.xcassets */,
				9C46D0431D21C3F000934641 /* LaunchScreen.storyboard */,
				9C46D0461D21C3F000934641 /* Info.plist */,
				9C33A59E1D24733A00317CC4 /* FeedCell.swift */,
			);
			path = TwitterClient;
			sourceTree = "<group>";
		};
		9C46D04E1D21ED7000934641 /* Models */ = {
			isa = PBXGroup;
			children = (
				9C46D0521D21EE1200934641 /* User.swift */,
				9C46D0541D21EE2100934641 /* Tweet.swift */,
			);
			name = Models;
			sourceTree = "<group>";
		};
		9C46D0501D21ED9500934641 /* View Controllers */ = {
			isa = PBXGroup;
			children = (
				9C46D04C1D21CC1000934641 /* LoginViewController.swift */,
				9C46D0581D232D9900934641 /* TweetsViewController.swift */,
				9C33A5A01D24860900317CC4 /* DetailViewController.swift */,
				9C33A5A21D24861B00317CC4 /* ComposeViewController.swift */,
				9C33A5A51D26E2D200317CC4 /* ProfileViewController.swift */,
			);
			name = "View Controllers";
			sourceTree = "<group>";
		};
		9C46D0511D21EDC400934641 /* API's */ = {
			isa = PBXGroup;
			children = (
				9C46D0561D231DE400934641 /* TwitterClient.swift */,
			);
			name = "API's";
			sourceTree = "<group>";
		};
/* End PBXGroup section */

/* Begin PBXNativeTarget section */
		9C46D0361D21C3F000934641 /* TwitterClient */ = {
			isa = PBXNativeTarget;
			buildConfigurationList = 9C46D0491D21C3F000934641 /* Build configuration list for PBXNativeTarget "TwitterClient" */;
			buildPhases = (
				75D3B08CBA4D4490FC34B813 /* [CP] Check Pods Manifest.lock */,
				9C46D0331D21C3F000934641 /* Sources */,
				9C46D0341D21C3F000934641 /* Frameworks */,
				9C46D0351D21C3F000934641 /* Resources */,
				9564D8D6F2D48B7BA7739C91 /* [CP] Embed Pods Frameworks */,
				4631FF91624B78477BAED5EE /* [CP] Copy Pods Resources */,
			);
			buildRules = (
			);
			dependencies = (
			);
			name = TwitterClient;
			productName = TwitterClient;
			productReference = 9C46D0371D21C3F000934641 /* TwitterClient.app */;
			productType = "com.apple.product-type.application";
		};
/* End PBXNativeTarget section */

/* Begin PBXProject section */
		9C46D02F1D21C3F000934641 /* Project object */ = {
			isa = PBXProject;
			attributes = {
				LastSwiftUpdateCheck = 0730;
				LastUpgradeCheck = 0730;
				ORGANIZATIONNAME = "Katherine Eisenbrand";
				TargetAttributes = {
					9C46D0361D21C3F000934641 = {
						CreatedOnToolsVersion = 7.3.1;
						DevelopmentTeam = X97PEC4ZE3;
					};
				};
			};
			buildConfigurationList = 9C46D0321D21C3F000934641 /* Build configuration list for PBXProject "TwitterClient" */;
			compatibilityVersion = "Xcode 3.2";
			developmentRegion = English;
			hasScannedForEncodings = 0;
			knownRegions = (
				en,
				Base,
			);
			mainGroup = 9C46D02E1D21C3F000934641;
			productRefGroup = 9C46D0381D21C3F000934641 /* Products */;
			projectDirPath = "";
			projectRoot = "";
			targets = (
				9C46D0361D21C3F000934641 /* TwitterClient */,
			);
		};
/* End PBXProject section */

/* Begin PBXResourcesBuildPhase section */
		9C46D0351D21C3F000934641 /* Resources */ = {
			isa = PBXResourcesBuildPhase;
			buildActionMask = 2147483647;
			files = (
				9C46D0451D21C3F000934641 /* LaunchScreen.storyboard in Resources */,
				9C46D0421D21C3F000934641 /* Assets.xcassets in Resources */,
				9C46D0401D21C3F000934641 /* Main.storyboard in Resources */,
			);
			runOnlyForDeploymentPostprocessing = 0;
		};
/* End PBXResourcesBuildPhase section */

/* Begin PBXShellScriptBuildPhase section */
		4631FF91624B78477BAED5EE /* [CP] Copy Pods Resources */ = {
			isa = PBXShellScriptBuildPhase;
			buildActionMask = 2147483647;
			files = (
			);
			inputPaths = (
			);
			name = "[CP] Copy Pods Resources";
			outputPaths = (
			);
			runOnlyForDeploymentPostprocessing = 0;
			shellPath = /bin/sh;
			shellScript = "\"${SRCROOT}/Pods/Target Support Files/Pods-TwitterClient/Pods-TwitterClient-resources.sh\"\n";
			showEnvVarsInLog = 0;
		};
		75D3B08CBA4D4490FC34B813 /* [CP] Check Pods Manifest.lock */ = {
			isa = PBXShellScriptBuildPhase;
			buildActionMask = 2147483647;
			files = (
			);
			inputPaths = (
			);
			name = "[CP] Check Pods Manifest.lock";
			outputPaths = (
			);
			runOnlyForDeploymentPostprocessing = 0;
			shellPath = /bin/sh;
			shellScript = "diff \"${PODS_ROOT}/../Podfile.lock\" \"${PODS_ROOT}/Manifest.lock\" > /dev/null\nif [[ $? != 0 ]] ; then\n    cat << EOM\nerror: The sandbox is not in sync with the Podfile.lock. Run 'pod install' or update your CocoaPods installation.\nEOM\n    exit 1\nfi\n";
			showEnvVarsInLog = 0;
		};
		9564D8D6F2D48B7BA7739C91 /* [CP] Embed Pods Frameworks */ = {
			isa = PBXShellScriptBuildPhase;
			buildActionMask = 2147483647;
			files = (
			);
			inputPaths = (
			);
			name = "[CP] Embed Pods Frameworks";
			outputPaths = (
			);
			runOnlyForDeploymentPostprocessing = 0;
			shellPath = /bin/sh;
			shellScript = "\"${SRCROOT}/Pods/Target Support Files/Pods-TwitterClient/Pods-TwitterClient-frameworks.sh\"\n";
			showEnvVarsInLog = 0;
		};
/* End PBXShellScriptBuildPhase section */

/* Begin PBXSourcesBuildPhase section */
		9C46D0331D21C3F000934641 /* Sources */ = {
			isa = PBXSourcesBuildPhase;
			buildActionMask = 2147483647;
			files = (
				9C33A5A31D24861B00317CC4 /* ComposeViewController.swift in Sources */,
				9C33A59F1D24733A00317CC4 /* FeedCell.swift in Sources */,
				9C33A5A61D26E2D200317CC4 /* ProfileViewController.swift in Sources */,
				9C46D0531D21EE1200934641 /* User.swift in Sources */,
				9C46D0551D21EE2100934641 /* Tweet.swift in Sources */,
				9C46D04D1D21CC1000934641 /* LoginViewController.swift in Sources */,
				9C46D0591D232D9900934641 /* TweetsViewController.swift in Sources */,
				9C46D0571D231DE400934641 /* TwitterClient.swift in Sources */,
				9C46D03B1D21C3F000934641 /* AppDelegate.swift in Sources */,
				9C33A5A11D24860900317CC4 /* DetailViewController.swift in Sources */,
			);
			runOnlyForDeploymentPostprocessing = 0;
		};
/* End PBXSourcesBuildPhase section */

/* Begin PBXVariantGroup section */
		9C46D03E1D21C3F000934641 /* Main.storyboard */ = {
			isa = PBXVariantGroup;
			children = (
				9C46D03F1D21C3F000934641 /* Base */,
			);
			name = Main.storyboard;
			sourceTree = "<group>";
		};
		9C46D0431D21C3F000934641 /* LaunchScreen.storyboard */ = {
			isa = PBXVariantGroup;
			children = (
				9C46D0441D21C3F000934641 /* Base */,
			);
			name = LaunchScreen.storyboard;
			sourceTree = "<group>";
		};
/* End PBXVariantGroup section */

/* Begin XCBuildConfiguration section */
		9C46D0471D21C3F000934641 /* Debug */ = {
			isa = XCBuildConfiguration;
			buildSettings = {
				ALWAYS_SEARCH_USER_PATHS = NO;
				CLANG_ANALYZER_NONNULL = YES;
				CLANG_CXX_LANGUAGE_STANDARD = "gnu++0x";
				CLANG_CXX_LIBRARY = "libc++";
				CLANG_ENABLE_MODULES = YES;
				CLANG_ENABLE_OBJC_ARC = YES;
				CLANG_WARN_BOOL_CONVERSION = YES;
				CLANG_WARN_CONSTANT_CONVERSION = YES;
				CLANG_WARN_DIRECT_OBJC_ISA_USAGE = YES_ERROR;
				CLANG_WARN_EMPTY_BODY = YES;
				CLANG_WARN_ENUM_CONVERSION = YES;
				CLANG_WARN_INT_CONVERSION = YES;
				CLANG_WARN_OBJC_ROOT_CLASS = YES_ERROR;
				CLANG_WARN_UNREACHABLE_CODE = YES;
				CLANG_WARN__DUPLICATE_METHOD_MATCH = YES;
				"CODE_SIGN_IDENTITY[sdk=iphoneos*]" = "iPhone Developer";
				COPY_PHASE_STRIP = NO;
				DEBUG_INFORMATION_FORMAT = dwarf;
				ENABLE_STRICT_OBJC_MSGSEND = YES;
				ENABLE_TESTABILITY = YES;
				GCC_C_LANGUAGE_STANDARD = gnu99;
				GCC_DYNAMIC_NO_PIC = NO;
				GCC_NO_COMMON_BLOCKS = YES;
				GCC_OPTIMIZATION_LEVEL = 0;
				GCC_PREPROCESSOR_DEFINITIONS = (
					"DEBUG=1",
					"$(inherited)",
				);
				GCC_WARN_64_TO_32_BIT_CONVERSION = YES;
				GCC_WARN_ABOUT_RETURN_TYPE = YES_ERROR;
				GCC_WARN_UNDECLARED_SELECTOR = YES;
				GCC_WARN_UNINITIALIZED_AUTOS = YES_AGGRESSIVE;
				GCC_WARN_UNUSED_FUNCTION = YES;
				GCC_WARN_UNUSED_VARIABLE = YES;
				IPHONEOS_DEPLOYMENT_TARGET = 9.3;
				MTL_ENABLE_DEBUG_INFO = YES;
				ONLY_ACTIVE_ARCH = YES;
				SDKROOT = iphoneos;
				SWIFT_OPTIMIZATION_LEVEL = "-Onone";
			};
			name = Debug;
		};
		9C46D0481D21C3F000934641 /* Release */ = {
			isa = XCBuildConfiguration;
			buildSettings = {
				ALWAYS_SEARCH_USER_PATHS = NO;
				CLANG_ANALYZER_NONNULL = YES;
				CLANG_CXX_LANGUAGE_STANDARD = "gnu++0x";
				CLANG_CXX_LIBRARY = "libc++";
				CLANG_ENABLE_MODULES = YES;
				CLANG_ENABLE_OBJC_ARC = YES;
				CLANG_WARN_BOOL_CONVERSION = YES;
				CLANG_WARN_CONSTANT_CONVERSION = YES;
				CLANG_WARN_DIRECT_OBJC_ISA_USAGE = YES_ERROR;
				CLANG_WARN_EMPTY_BODY = YES;
				CLANG_WARN_ENUM_CONVERSION = YES;
				CLANG_WARN_INT_CONVERSION = YES;
				CLANG_WARN_OBJC_ROOT_CLASS = YES_ERROR;
				CLANG_WARN_UNREACHABLE_CODE = YES;
				CLANG_WARN__DUPLICATE_METHOD_MATCH = YES;
				"CODE_SIGN_IDENTITY[sdk=iphoneos*]" = "iPhone Developer";
				COPY_PHASE_STRIP = NO;
				DEBUG_INFORMATION_FORMAT = "dwarf-with-dsym";
				ENABLE_NS_ASSERTIONS = NO;
				ENABLE_STRICT_OBJC_MSGSEND = YES;
				GCC_C_LANGUAGE_STANDARD = gnu99;
				GCC_NO_COMMON_BLOCKS = YES;
				GCC_WARN_64_TO_32_BIT_CONVERSION = YES;
				GCC_WARN_ABOUT_RETURN_TYPE = YES_ERROR;
				GCC_WARN_UNDECLARED_SELECTOR = YES;
				GCC_WARN_UNINITIALIZED_AUTOS = YES_AGGRESSIVE;
				GCC_WARN_UNUSED_FUNCTION = YES;
				GCC_WARN_UNUSED_VARIABLE = YES;
				IPHONEOS_DEPLOYMENT_TARGET = 9.3;
				MTL_ENABLE_DEBUG_INFO = NO;
				SDKROOT = iphoneos;
				VALIDATE_PRODUCT = YES;
			};
			name = Release;
		};
		9C46D04A1D21C3F000934641 /* Debug */ = {
			isa = XCBuildConfiguration;
			baseConfigurationReference = E214E1544E23F5A84CC4AE55 /* Pods-TwitterClient.debug.xcconfig */;
			buildSettings = {
				ASSETCATALOG_COMPILER_APPICON_NAME = AppIcon;
				CODE_SIGN_IDENTITY = "iPhone Developer";
				"CODE_SIGN_IDENTITY[sdk=iphoneos*]" = "iPhone Developer";
				INFOPLIST_FILE = TwitterClient/Info.plist;
				LD_RUNPATH_SEARCH_PATHS = "$(inherited) @executable_path/Frameworks";
				PRODUCT_BUNDLE_IDENTIFIER = come.codepath.TwitterClient;
				PRODUCT_NAME = "$(TARGET_NAME)";
				PROVISIONING_PROFILE = "";
			};
			name = Debug;
		};
		9C46D04B1D21C3F000934641 /* Release */ = {
			isa = XCBuildConfiguration;
			baseConfigurationReference = BE784B6A1FD8B68B1ABBAF80 /* Pods-TwitterClient.release.xcconfig */;
			buildSettings = {
				ASSETCATALOG_COMPILER_APPICON_NAME = AppIcon;
				CODE_SIGN_IDENTITY = "iPhone Developer";
				"CODE_SIGN_IDENTITY[sdk=iphoneos*]" = "iPhone Developer";
				INFOPLIST_FILE = TwitterClient/Info.plist;
				LD_RUNPATH_SEARCH_PATHS = "$(inherited) @executable_path/Frameworks";
				PRODUCT_BUNDLE_IDENTIFIER = come.codepath.TwitterClient;
				PRODUCT_NAME = "$(TARGET_NAME)";
				PROVISIONING_PROFILE = "";
			};
			name = Release;
		};
/* End XCBuildConfiguration section */

/* Begin XCConfigurationList section */
		9C46D0321D21C3F000934641 /* Build configuration list for PBXProject "TwitterClient" */ = {
			isa = XCConfigurationList;
			buildConfigurations = (
				9C46D0471D21C3F000934641 /* Debug */,
				9C46D0481D21C3F000934641 /* Release */,
			);
			defaultConfigurationIsVisible = 0;
			defaultConfigurationName = Release;
		};
		9C46D0491D21C3F000934641 /* Build configuration list for PBXNativeTarget "TwitterClient" */ = {
			isa = XCConfigurationList;
			buildConfigurations = (
				9C46D04A1D21C3F000934641 /* Debug */,
				9C46D04B1D21C3F000934641 /* Release */,
			);
			defaultConfigurationIsVisible = 0;
			defaultConfigurationName = Release;
		};
/* End XCConfigurationList section */
	};
	rootObject = 9C46D02F1D21C3F000934641 /* Project object */;
}
